
Microsoft Visual Studio Solution File, Format Version 12.00
# Visual Studio Version 16
VisualStudioVersion = 16.0.30717.126
MinimumVisualStudioVersion = 10.0.40219.1
Project("{FAE04EC0-301F-11D3-BF4B-00C04F79EFBC}") = "Calculos", "Calculos\Calculos.csproj", "{A495BE84-8A94-4380-A860-C08FD0EFED1A}"
EndProject
Project("{FAE04EC0-301F-11D3-BF4B-00C04F79EFBC}") = "CalculosTeste", "CalculosTeste\CalculosTeste.csproj", "{AF74670F-5914-415D-8ADD-3695848A7A59}"
EndProject
Global
	GlobalSection(SolutionConfigurationPlatforms) = preSolution
		Debug|Any CPU = Debug|Any CPU
		Release|Any CPU = Release|Any CPU
	EndGlobalSection
	GlobalSection(ProjectConfigurationPlatforms) = postSolution
		{A495BE84-8A94-4380-A860-C08FD0EFED1A}.Debug|Any CPU.ActiveCfg = Debug|Any CPU
		{A495BE84-8A94-4380-A860-C08FD0EFED1A}.Debug|Any CPU.Build.0 = Debug|Any CPU
		{A495BE84-8A94-4380-A860-C08FD0EFED1A}.Release|Any CPU.ActiveCfg = Release|Any CPU
		{A495BE84-8A94-4380-A860-C08FD0EFED1A}.Release|Any CPU.Build.0 = Release|Any CPU
		{AF74670F-5914-415D-8ADD-3695848A7A59}.Debug|Any CPU.ActiveCfg = Debug|Any CPU
		{AF74670F-5914-415D-8ADD-3695848A7A59}.Debug|Any CPU.Build.0 = Debug|Any CPU
		{AF74670F-5914-415D-8ADD-3695848A7A59}.Release|Any CPU.ActiveCfg = Release|Any CPU
		{AF74670F-5914-415D-8ADD-3695848A7A59}.Release|Any CPU.Build.0 = Release|Any CPU
	EndGlobalSection
	GlobalSection(SolutionProperties) = preSolution
		HideSolutionNode = FALSE
	EndGlobalSection
	GlobalSection(ExtensibilityGlobals) = postSolution
		SolutionGuid = {BCE12C55-4125-4C8C-9B54-45BE6A70A3D2}
	EndGlobalSection
EndGlobal
